
Microsoft Visual Studio Solution File, Format Version 12.00
# Visual Studio Express 2013 for Windows Desktop
VisualStudioVersion = 12.0.30723.0
MinimumVisualStudioVersion = 10.0.40219.1
Project("{FAE04EC0-301F-11D3-BF4B-00C04F79EFBC}") = "ConsoleTest", "ConsoleTest\ConsoleTest.csproj", "{2423101E-F8D9-4DE3-900A-8BB44E4CE455}"
EndProject
Project("{FAE04EC0-301F-11D3-BF4B-00C04F79EFBC}") = "ProjectivePlane", "ProjectivePlane\ProjectivePlane.csproj", "{344F2FAE-140C-4ED2-9000-8C0CA2DF2DE7}"
EndProject
Project("{FAE04EC0-301F-11D3-BF4B-00C04F79EFBC}") = "CardsAndSymbols", "CardsAndSymbols\CardsAndSymbols.csproj", "{1CF1CC62-DA50-4185-9EDC-736B37EF6C70}"
EndProject
Global
	GlobalSection(SolutionConfigurationPlatforms) = preSolution
		Debug|Any CPU = Debug|Any CPU
		Release|Any CPU = Release|Any CPU
	EndGlobalSection
	GlobalSection(ProjectConfigurationPlatforms) = postSolution
		{2423101E-F8D9-4DE3-900A-8BB44E4CE455}.Debug|Any CPU.ActiveCfg = Debug|Any CPU
		{2423101E-F8D9-4DE3-900A-8BB44E4CE455}.Debug|Any CPU.Build.0 = Debug|Any CPU
		{2423101E-F8D9-4DE3-900A-8BB44E4CE455}.Release|Any CPU.ActiveCfg = Release|Any CPU
		{2423101E-F8D9-4DE3-900A-8BB44E4CE455}.Release|Any CPU.Build.0 = Release|Any CPU
		{344F2FAE-140C-4ED2-9000-8C0CA2DF2DE7}.Debug|Any CPU.ActiveCfg = Debug|Any CPU
		{344F2FAE-140C-4ED2-9000-8C0CA2DF2DE7}.Debug|Any CPU.Build.0 = Debug|Any CPU
		{344F2FAE-140C-4ED2-9000-8C0CA2DF2DE7}.Release|Any CPU.ActiveCfg = Release|Any CPU
		{344F2FAE-140C-4ED2-9000-8C0CA2DF2DE7}.Release|Any CPU.Build.0 = Release|Any CPU
		{1CF1CC62-DA50-4185-9EDC-736B37EF6C70}.Debug|Any CPU.ActiveCfg = Debug|Any CPU
		{1CF1CC62-DA50-4185-9EDC-736B37EF6C70}.Debug|Any CPU.Build.0 = Debug|Any CPU
		{1CF1CC62-DA50-4185-9EDC-736B37EF6C70}.Release|Any CPU.ActiveCfg = Release|Any CPU
		{1CF1CC62-DA50-4185-9EDC-736B37EF6C70}.Release|Any CPU.Build.0 = Release|Any CPU
	EndGlobalSection
	GlobalSection(SolutionProperties) = preSolution
		HideSolutionNode = FALSE
	EndGlobalSection
EndGlobal
